
Microsoft Visual Studio Solution File, Format Version 12.00
# Visual Studio Version 17
VisualStudioVersion = 17.9.34902.65
MinimumVisualStudioVersion = 10.0.40219.1
Project("{888888A0-9F3D-457C-B088-3A5042F75D52}") = "booking", "booking\booking.pyproj", "{9EDCDC7E-742F-4B96-B809-7659A6B1AFCF}"
EndProject
Global
	GlobalSection(SolutionConfigurationPlatforms) = preSolution
		Debug|Any CPU = Debug|Any CPU
		Release|Any CPU = Release|Any CPU
	EndGlobalSection
	GlobalSection(ProjectConfigurationPlatforms) = postSolution
		{9EDCDC7E-742F-4B96-B809-7659A6B1AFCF}.Debug|Any CPU.ActiveCfg = Debug|Any CPU
		{9EDCDC7E-742F-4B96-B809-7659A6B1AFCF}.Release|Any CPU.ActiveCfg = Release|Any CPU
	EndGlobalSection
	GlobalSection(SolutionProperties) = preSolution
		HideSolutionNode = FALSE
	EndGlobalSection
	GlobalSection(ExtensibilityGlobals) = postSolution
		SolutionGuid = {FA426F12-489C-42AA-B9BB-EAC900A613EF}
	EndGlobalSection
EndGlobal
